
Microsoft Visual Studio Solution File, Format Version 12.00
# Visual Studio Version 17
VisualStudioVersion = 17.9.34728.123
MinimumVisualStudioVersion = 10.0.40219.1
Project("{FAE04EC0-301F-11D3-BF4B-00C04F79EFBC}") = "AndroidSqliteLiveReader", "AndroidSqliteLiveReader\AndroidSqliteLiveReader.csproj", "{50CC63BB-077F-4B60-BC1A-6AE002736A17}"
EndProject
Global
	GlobalSection(SolutionConfigurationPlatforms) = preSolution
		Debug|Any CPU = Debug|Any CPU
		Debug|arm64 = Debug|arm64
		Debug|x86 = Debug|x86
		Release|Any CPU = Release|Any CPU
		Release|arm64 = Release|arm64
		Release|x86 = Release|x86
	EndGlobalSection
	GlobalSection(ProjectConfigurationPlatforms) = postSolution
		{50CC63BB-077F-4B60-BC1A-6AE002736A17}.Debug|Any CPU.ActiveCfg = Debug|Any CPU
		{50CC63BB-077F-4B60-BC1A-6AE002736A17}.Debug|Any CPU.Build.0 = Debug|Any CPU
		{50CC63BB-077F-4B60-BC1A-6AE002736A17}.Debug|arm64.ActiveCfg = Debug|arm64
		{50CC63BB-077F-4B60-BC1A-6AE002736A17}.Debug|arm64.Build.0 = Debug|arm64
		{50CC63BB-077F-4B60-BC1A-6AE002736A17}.Debug|x86.ActiveCfg = Debug|x86
		{50CC63BB-077F-4B60-BC1A-6AE002736A17}.Debug|x86.Build.0 = Debug|x86
		{50CC63BB-077F-4B60-BC1A-6AE002736A17}.Release|Any CPU.ActiveCfg = Release|Any CPU
		{50CC63BB-077F-4B60-BC1A-6AE002736A17}.Release|Any CPU.Build.0 = Release|Any CPU
		{50CC63BB-077F-4B60-BC1A-6AE002736A17}.Release|arm64.ActiveCfg = Release|arm64
		{50CC63BB-077F-4B60-BC1A-6AE002736A17}.Release|arm64.Build.0 = Release|arm64
		{50CC63BB-077F-4B60-BC1A-6AE002736A17}.Release|x86.ActiveCfg = Release|x86
		{50CC63BB-077F-4B60-BC1A-6AE002736A17}.Release|x86.Build.0 = Release|x86
	EndGlobalSection
	GlobalSection(SolutionProperties) = preSolution
		HideSolutionNode = FALSE
	EndGlobalSection
	GlobalSection(ExtensibilityGlobals) = postSolution
		SolutionGuid = {ECA09C37-4E1A-4A00-AE81-7B82584100C1}
	EndGlobalSection
EndGlobal
